# This file is automatically @generated by Wally.
# It is not intended for manual editing.
registry = "test"

[[package]]
name = "ernisto/package"
version = "0.1.0"
dependencies = [["TestEZ", "roblox/testez@0.4.1"], ["uilabs", "pepeeltoro41/ui-labs@2.3.0"]]

[[package]]
name = "pepeeltoro41/ui-labs"
version = "2.3.0"
dependencies = []

[[package]]
name = "roblox/testez"
version = "0.4.1"
dependencies = []
